
Microsoft Visual Studio Solution File, Format Version 12.00
# Visual Studio Version 17
VisualStudioVersion = 17.5.33516.290
MinimumVisualStudioVersion = 10.0.40219.1
Project("{FAE04EC0-301F-11D3-BF4B-00C04F79EFBC}") = "HypixelAPIProgram", "HypixelAPIProgram.csproj", "{F5C51B17-1B81-462E-A155-A4D46030B7AF}"
EndProject
Global
	GlobalSection(SolutionConfigurationPlatforms) = preSolution
		Debug|Any CPU = Debug|Any CPU
		Debug|x64 = Debug|x64
		Release|Any CPU = Release|Any CPU
		Release|x64 = Release|x64
	EndGlobalSection
	GlobalSection(ProjectConfigurationPlatforms) = postSolution
		{F5C51B17-1B81-462E-A155-A4D46030B7AF}.Debug|Any CPU.ActiveCfg = Debug|Any CPU
		{F5C51B17-1B81-462E-A155-A4D46030B7AF}.Debug|Any CPU.Build.0 = Debug|Any CPU
		{F5C51B17-1B81-462E-A155-A4D46030B7AF}.Debug|x64.ActiveCfg = Debug|x64
		{F5C51B17-1B81-462E-A155-A4D46030B7AF}.Debug|x64.Build.0 = Debug|x64
		{F5C51B17-1B81-462E-A155-A4D46030B7AF}.Release|Any CPU.ActiveCfg = Release|Any CPU
		{F5C51B17-1B81-462E-A155-A4D46030B7AF}.Release|Any CPU.Build.0 = Release|Any CPU
		{F5C51B17-1B81-462E-A155-A4D46030B7AF}.Release|x64.ActiveCfg = Release|x64
		{F5C51B17-1B81-462E-A155-A4D46030B7AF}.Release|x64.Build.0 = Release|x64
	EndGlobalSection
	GlobalSection(SolutionProperties) = preSolution
		HideSolutionNode = FALSE
	EndGlobalSection
	GlobalSection(ExtensibilityGlobals) = postSolution
		SolutionGuid = {8ED1573E-D02F-4D49-B713-37FFB83F3A08}
	EndGlobalSection
EndGlobal
